
Microsoft Visual Studio Solution File, Format Version 12.00
# Visual Studio Version 16
VisualStudioVersion = 16.0.30717.126
MinimumVisualStudioVersion = 10.0.40219.1
Project("{FAE04EC0-301F-11D3-BF4B-00C04F79EFBC}") = "TMSv2", "TMSv2\TMSv2.csproj", "{DBCEBD82-9854-411C-9366-ABFE8CAFDFEE}"
EndProject
Global
	GlobalSection(SolutionConfigurationPlatforms) = preSolution
		Debug|Any CPU = Debug|Any CPU
		Release|Any CPU = Release|Any CPU
	EndGlobalSection
	GlobalSection(ProjectConfigurationPlatforms) = postSolution
		{DBCEBD82-9854-411C-9366-ABFE8CAFDFEE}.Debug|Any CPU.ActiveCfg = Debug|Any CPU
		{DBCEBD82-9854-411C-9366-ABFE8CAFDFEE}.Debug|Any CPU.Build.0 = Debug|Any CPU
		{DBCEBD82-9854-411C-9366-ABFE8CAFDFEE}.Release|Any CPU.ActiveCfg = Release|Any CPU
		{DBCEBD82-9854-411C-9366-ABFE8CAFDFEE}.Release|Any CPU.Build.0 = Release|Any CPU
	EndGlobalSection
	GlobalSection(SolutionProperties) = preSolution
		HideSolutionNode = FALSE
	EndGlobalSection
	GlobalSection(ExtensibilityGlobals) = postSolution
		SolutionGuid = {76E03D2A-7DA7-4C2D-A4A7-06BD239BE60E}
	EndGlobalSection
EndGlobal
